// !$*UTF8*$!
{
	archiveVersion = 1;
	classes = {
	};
	objectVersion = 46;
	objects = {

/* Begin PBXBuildFile section */
		5248A8F61D373A5200393C91 /* arrow_up_icon_wtire@2x.png in Resources */ = {isa = PBXBuildFile; fileRef = 5248A8F21D373A5200393C91 /* arrow_up_icon_wtire@2x.png */; };
		5248A8F71D373A5300393C91 /* arrow_up_icon_write@3x.png in Resources */ = {isa = PBXBuildFile; fileRef = 5248A8F31D373A5200393C91 /* arrow_up_icon_write@3x.png */; };
		5248A8F81D373A5300393C91 /* arrow_down_icon_write@3x.png in Resources */ = {isa = PBXBuildFile; fileRef = 5248A8F41D373A5200393C91 /* arrow_down_icon_write@3x.png */; };
		5248A8F91D373A5300393C91 /* arrow_down_icon_wtire@2x.png in Resources */ = {isa = PBXBuildFile; fileRef = 5248A8F51D373A5200393C91 /* arrow_down_icon_wtire@2x.png */; };
		52696F751D1CD705005735EF /* main.m in Sources */ = {isa = PBXBuildFile; fileRef = 52696F741D1CD705005735EF /* main.m */; };
		52696F781D1CD705005735EF /* AppDelegate.m in Sources */ = {isa = PBXBuildFile; fileRef = 52696F771D1CD705005735EF /* AppDelegate.m */; };
		52696F7B1D1CD705005735EF /* ViewController.m in Sources */ = {isa = PBXBuildFile; fileRef = 52696F7A1D1CD705005735EF /* ViewController.m */; };
		52696F7E1D1CD705005735EF /* Main.storyboard in Resources */ = {isa = PBXBuildFile; fileRef = 52696F7C1D1CD705005735EF /* Main.storyboard */; };
		52696F801D1CD705005735EF /* Assets.xcassets in Resources */ = {isa = PBXBuildFile; fileRef = 52696F7F1D1CD705005735EF /* Assets.xcassets */; };
		52696F831D1CD705005735EF /* LaunchScreen.storyboard in Resources */ = {isa = PBXBuildFile; fileRef = 52696F811D1CD705005735EF /* LaunchScreen.storyboard */; };
		52749A401D22118B0006AB2E /* arrow_down_icon@2x.png in Resources */ = {isa = PBXBuildFile; fileRef = 52749A3E1D22118B0006AB2E /* arrow_down_icon@2x.png */; };
		52749A411D22118B0006AB2E /* arrow_down_icon@3x.png in Resources */ = {isa = PBXBuildFile; fileRef = 52749A3F1D22118B0006AB2E /* arrow_down_icon@3x.png */; };
		52749A441D2211B90006AB2E /* arrow_up_icon@2x.png in Resources */ = {isa = PBXBuildFile; fileRef = 52749A421D2211B90006AB2E /* arrow_up_icon@2x.png */; };
		52749A451D2211B90006AB2E /* arrow_up_icon@3x.png in Resources */ = {isa = PBXBuildFile; fileRef = 52749A431D2211B90006AB2E /* arrow_up_icon@3x.png */; };
		52C56EC61D3371720022D823 /* WBPopListView.m in Sources */ = {isa = PBXBuildFile; fileRef = 52C56EC51D3371720022D823 /* WBPopListView.m */; };
/* End PBXBuildFile section */

/* Begin PBXFileReference section */
		5248A8F21D373A5200393C91 /* arrow_up_icon_wtire@2x.png */ = {isa = PBXFileReference; lastKnownFileType = image.png; path = "arrow_up_icon_wtire@2x.png"; sourceTree = "<group>"; };
		5248A8F31D373A5200393C91 /* arrow_up_icon_write@3x.png */ = {isa = PBXFileReference; lastKnownFileType = image.png; path = "arrow_up_icon_write@3x.png"; sourceTree = "<group>"; };
		5248A8F41D373A5200393C91 /* arrow_down_icon_write@3x.png */ = {isa = PBXFileReference; lastKnownFileType = image.png; path = "arrow_down_icon_write@3x.png"; sourceTree = "<group>"; };
		5248A8F51D373A5200393C91 /* arrow_down_icon_wtire@2x.png */ = {isa = PBXFileReference; lastKnownFileType = image.png; path = "arrow_down_icon_wtire@2x.png"; sourceTree = "<group>"; };
		52696F701D1CD705005735EF /* WBPopListMenu.app */ = {isa = PBXFileReference; explicitFileType = wrapper.application; includeInIndex = 0; path = WBPopListMenu.app; sourceTree = BUILT_PRODUCTS_DIR; };
		52696F741D1CD705005735EF /* main.m */ = {isa = PBXFileReference; lastKnownFileType = sourcecode.c.objc; path = main.m; sourceTree = "<group>"; };
		52696F761D1CD705005735EF /* AppDelegate.h */ = {isa = PBXFileReference; lastKnownFileType = sourcecode.c.h; path = AppDelegate.h; sourceTree = "<group>"; };
		52696F771D1CD705005735EF /* AppDelegate.m */ = {isa = PBXFileReference; lastKnownFileType = sourcecode.c.objc; path = AppDelegate.m; sourceTree = "<group>"; };
		52696F791D1CD705005735EF /* ViewController.h */ = {isa = PBXFileReference; lastKnownFileType = sourcecode.c.h; path = ViewController.h; sourceTree = "<group>"; };
		52696F7A1D1CD705005735EF /* ViewController.m */ = {isa = PBXFileReference; lastKnownFileType = sourcecode.c.objc; path = ViewController.m; sourceTree = "<group>"; };
		52696F7D1D1CD705005735EF /* Base */ = {isa = PBXFileReference; lastKnownFileType = file.storyboard; name = Base; path = Base.lproj/Main.storyboard; sourceTree = "<group>"; };
		52696F7F1D1CD705005735EF /* Assets.xcassets */ = {isa = PBXFileReference; lastKnownFileType = folder.assetcatalog; path = Assets.xcassets; sourceTree = "<group>"; };
		52696F821D1CD705005735EF /* Base */ = {isa = PBXFileReference; lastKnownFileType = file.storyboard; name = Base; path = Base.lproj/LaunchScreen.storyboard; sourceTree = "<group>"; };
		52696F841D1CD705005735EF /* Info.plist */ = {isa = PBXFileReference; lastKnownFileType = text.plist.xml; path = Info.plist; sourceTree = "<group>"; };
		52749A3E1D22118B0006AB2E /* arrow_down_icon@2x.png */ = {isa = PBXFileReference; lastKnownFileType = image.png; path = "arrow_down_icon@2x.png"; sourceTree = "<group>"; };
		52749A3F1D22118B0006AB2E /* arrow_down_icon@3x.png */ = {isa = PBXFileReference; lastKnownFileType = image.png; path = "arrow_down_icon@3x.png"; sourceTree = "<group>"; };
		52749A421D2211B90006AB2E /* arrow_up_icon@2x.png */ = {isa = PBXFileReference; lastKnownFileType = image.png; path = "arrow_up_icon@2x.png"; sourceTree = "<group>"; };
		52749A431D2211B90006AB2E /* arrow_up_icon@3x.png */ = {isa = PBXFileReference; lastKnownFileType = image.png; path = "arrow_up_icon@3x.png"; sourceTree = "<group>"; };
		52C56EC41D3371720022D823 /* WBPopListView.h */ = {isa = PBXFileReference; fileEncoding = 4; lastKnownFileType = sourcecode.c.h; path = WBPopListView.h; sourceTree = "<group>"; };
		52C56EC51D3371720022D823 /* WBPopListView.m */ = {isa = PBXFileReference; fileEncoding = 4; lastKnownFileType = sourcecode.c.objc; path = WBPopListView.m; sourceTree = "<group>"; };
/* End PBXFileReference section */

/* Begin PBXFrameworksBuildPhase section */
		52696F6D1D1CD705005735EF /* Frameworks */ = {
			isa = PBXFrameworksBuildPhase;
			buildActionMask = 2147483647;
			files = (
			);
			runOnlyForDeploymentPostprocessing = 0;
		};
/* End PBXFrameworksBuildPhase section */

/* Begin PBXGroup section */
		52696F671D1CD704005735EF = {
			isa = PBXGroup;
			children = (
				52696F721D1CD705005735EF /* WBPopListMenu */,
				52696F711D1CD705005735EF /* Products */,
			);
			sourceTree = "<group>";
		};
		52696F711D1CD705005735EF /* Products */ = {
			isa = PBXGroup;
			children = (
				52696F701D1CD705005735EF /* WBPopListMenu.app */,
			);
			name = Products;
			sourceTree = "<group>";
		};
		52696F721D1CD705005735EF /* WBPopListMenu */ = {
			isa = PBXGroup;
			children = (
				52696F761D1CD705005735EF /* AppDelegate.h */,
				52696F771D1CD705005735EF /* AppDelegate.m */,
				52696F791D1CD705005735EF /* ViewController.h */,
				52696F7A1D1CD705005735EF /* ViewController.m */,
				52C56EC41D3371720022D823 /* WBPopListView.h */,
				52C56EC51D3371720022D823 /* WBPopListView.m */,
				52696F731D1CD705005735EF /* Supporting Files */,
			);
			path = WBPopListMenu;
			sourceTree = "<group>";
		};
		52696F731D1CD705005735EF /* Supporting Files */ = {
			isa = PBXGroup;
			children = (
				52696F7C1D1CD705005735EF /* Main.storyboard */,
				52696F7F1D1CD705005735EF /* Assets.xcassets */,
				52696F811D1CD705005735EF /* LaunchScreen.storyboard */,
				52696F841D1CD705005735EF /* Info.plist */,
				52749A3E1D22118B0006AB2E /* arrow_down_icon@2x.png */,
				52749A3F1D22118B0006AB2E /* arrow_down_icon@3x.png */,
				52749A421D2211B90006AB2E /* arrow_up_icon@2x.png */,
				52749A431D2211B90006AB2E /* arrow_up_icon@3x.png */,
				5248A8F21D373A5200393C91 /* arrow_up_icon_wtire@2x.png */,
				5248A8F31D373A5200393C91 /* arrow_up_icon_write@3x.png */,
				5248A8F41D373A5200393C91 /* arrow_down_icon_write@3x.png */,
				5248A8F51D373A5200393C91 /* arrow_down_icon_wtire@2x.png */,
				52696F741D1CD705005735EF /* main.m */,
			);
			name = "Supporting Files";
			sourceTree = "<group>";
		};
/* End PBXGroup section */

/* Begin PBXNativeTarget section */
		52696F6F1D1CD705005735EF /* WBPopListMenu */ = {
			isa = PBXNativeTarget;
			buildConfigurationList = 52696F871D1CD705005735EF /* Build configuration list for PBXNativeTarget "WBPopListMenu" */;
			buildPhases = (
				52696F6C1D1CD705005735EF /* Sources */,
				52696F6D1D1CD705005735EF /* Frameworks */,
				52696F6E1D1CD705005735EF /* Resources */,
			);
			buildRules = (
			);
			dependencies = (
			);
			name = WBPopListMenu;
			productName = WBPopListMenu;
			productReference = 52696F701D1CD705005735EF /* WBPopListMenu.app */;
			productType = "com.apple.product-type.application";
		};
/* End PBXNativeTarget section */

/* Begin PBXProject section */
		52696F681D1CD704005735EF /* Project object */ = {
			isa = PBXProject;
			attributes = {
				LastUpgradeCheck = 0730;
				ORGANIZATIONNAME = "李伟宾";
				TargetAttributes = {
					52696F6F1D1CD705005735EF = {
						CreatedOnToolsVersion = 7.3;
					};
				};
			};
			buildConfigurationList = 52696F6B1D1CD704005735EF /* Build configuration list for PBXProject "WBPopListMenu" */;
			compatibilityVersion = "Xcode 3.2";
			developmentRegion = English;
			hasScannedForEncodings = 0;
			knownRegions = (
				en,
				Base,
			);
			mainGroup = 52696F671D1CD704005735EF;
			productRefGroup = 52696F711D1CD705005735EF /* Products */;
			projectDirPath = "";
			projectRoot = "";
			targets = (
				52696F6F1D1CD705005735EF /* WBPopListMenu */,
			);
		};
/* End PBXProject section */

/* Begin PBXResourcesBuildPhase section */
		52696F6E1D1CD705005735EF /* Resources */ = {
			isa = PBXResourcesBuildPhase;
			buildActionMask = 2147483647;
			files = (
				5248A8F61D373A5200393C91 /* arrow_up_icon_wtire@2x.png in Resources */,
				5248A8F71D373A5300393C91 /* arrow_up_icon_write@3x.png in Resources */,
				5248A8F81D373A5300393C91 /* arrow_down_icon_write@3x.png in Resources */,
				52749A441D2211B90006AB2E /* arrow_up_icon@2x.png in Resources */,
				52749A451D2211B90006AB2E /* arrow_up_icon@3x.png in Resources */,
				52696F831D1CD705005735EF /* LaunchScreen.storyboard in Resources */,
				52749A401D22118B0006AB2E /* arrow_down_icon@2x.png in Resources */,
				5248A8F91D373A5300393C91 /* arrow_down_icon_wtire@2x.png in Resources */,
				52696F801D1CD705005735EF /* Assets.xcassets in Resources */,
				52696F7E1D1CD705005735EF /* Main.storyboard in Resources */,
				52749A411D22118B0006AB2E /* arrow_down_icon@3x.png in Resources */,
			);
			runOnlyForDeploymentPostprocessing = 0;
		};
/* End PBXResourcesBuildPhase section */

/* Begin PBXSourcesBuildPhase section */
		52696F6C1D1CD705005735EF /* Sources */ = {
			isa = PBXSourcesBuildPhase;
			buildActionMask = 2147483647;
			files = (
				52696F7B1D1CD705005735EF /* ViewController.m in Sources */,
				52C56EC61D3371720022D823 /* WBPopListView.m in Sources */,
				52696F781D1CD705005735EF /* AppDelegate.m in Sources */,
				52696F751D1CD705005735EF /* main.m in Sources */,
			);
			runOnlyForDeploymentPostprocessing = 0;
		};
/* End PBXSourcesBuildPhase section */

/* Begin PBXVariantGroup section */
		52696F7C1D1CD705005735EF /* Main.storyboard */ = {
			isa = PBXVariantGroup;
			children = (
				52696F7D1D1CD705005735EF /* Base */,
			);
			name = Main.storyboard;
			sourceTree = "<group>";
		};
		52696F811D1CD705005735EF /* LaunchScreen.storyboard */ = {
			isa = PBXVariantGroup;
			children = (
				52696F821D1CD705005735EF /* Base */,
			);
			name = LaunchScreen.storyboard;
			sourceTree = "<group>";
		};
/* End PBXVariantGroup section */

/* Begin XCBuildConfiguration section */
		52696F851D1CD705005735EF /* Debug */ = {
			isa = XCBuildConfiguration;
			buildSettings = {
				ALWAYS_SEARCH_USER_PATHS = NO;
				CLANG_ANALYZER_NONNULL = YES;
				CLANG_CXX_LANGUAGE_STANDARD = "gnu++0x";
				CLANG_CXX_LIBRARY = "libc++";
				CLANG_ENABLE_MODULES = YES;
				CLANG_ENABLE_OBJC_ARC = YES;
				CLANG_WARN_BOOL_CONVERSION = YES;
				CLANG_WARN_CONSTANT_CONVERSION = YES;
				CLANG_WARN_DIRECT_OBJC_ISA_USAGE = YES_ERROR;
				CLANG_WARN_EMPTY_BODY = YES;
				CLANG_WARN_ENUM_CONVERSION = YES;
				CLANG_WARN_INT_CONVERSION = YES;
				CLANG_WARN_OBJC_ROOT_CLASS = YES_ERROR;
				CLANG_WARN_UNREACHABLE_CODE = YES;
				CLANG_WARN__DUPLICATE_METHOD_MATCH = YES;
				"CODE_SIGN_IDENTITY[sdk=iphoneos*]" = "iPhone Developer";
				COPY_PHASE_STRIP = NO;
				DEBUG_INFORMATION_FORMAT = dwarf;
				ENABLE_STRICT_OBJC_MSGSEND = YES;
				ENABLE_TESTABILITY = YES;
				GCC_C_LANGUAGE_STANDARD = gnu99;
				GCC_DYNAMIC_NO_PIC = NO;
				GCC_NO_COMMON_BLOCKS = YES;
				GCC_OPTIMIZATION_LEVEL = 0;
				GCC_PREPROCESSOR_DEFINITIONS = (
					"DEBUG=1",
					"$(inherited)",
				);
				GCC_WARN_64_TO_32_BIT_CONVERSION = YES;
				GCC_WARN_ABOUT_RETURN_TYPE = YES_ERROR;
				GCC_WARN_UNDECLARED_SELECTOR = YES;
				GCC_WARN_UNINITIALIZED_AUTOS = YES_AGGRESSIVE;
				GCC_WARN_UNUSED_FUNCTION = YES;
				GCC_WARN_UNUSED_VARIABLE = YES;
				IPHONEOS_DEPLOYMENT_TARGET = 9.3;
				MTL_ENABLE_DEBUG_INFO = YES;
				ONLY_ACTIVE_ARCH = YES;
				SDKROOT = iphoneos;
			};
			name = Debug;
		};
		52696F861D1CD705005735EF /* Release */ = {
			isa = XCBuildConfiguration;
			buildSettings = {
				ALWAYS_SEARCH_USER_PATHS = NO;
				CLANG_ANALYZER_NONNULL = YES;
				CLANG_CXX_LANGUAGE_STANDARD = "gnu++0x";
				CLANG_CXX_LIBRARY = "libc++";
				CLANG_ENABLE_MODULES = YES;
				CLANG_ENABLE_OBJC_ARC = YES;
				CLANG_WARN_BOOL_CONVERSION = YES;
				CLANG_WARN_CONSTANT_CONVERSION = YES;
				CLANG_WARN_DIRECT_OBJC_ISA_USAGE = YES_ERROR;
				CLANG_WARN_EMPTY_BODY = YES;
				CLANG_WARN_ENUM_CONVERSION = YES;
				CLANG_WARN_INT_CONVERSION = YES;
				CLANG_WARN_OBJC_ROOT_CLASS = YES_ERROR;
				CLANG_WARN_UNREACHABLE_CODE = YES;
				CLANG_WARN__DUPLICATE_METHOD_MATCH = YES;
				"CODE_SIGN_IDENTITY[sdk=iphoneos*]" = "iPhone Developer";
				COPY_PHASE_STRIP = NO;
				DEBUG_INFORMATION_FORMAT = "dwarf-with-dsym";
				ENABLE_NS_ASSERTIONS = NO;
				ENABLE_STRICT_OBJC_MSGSEND = YES;
				GCC_C_LANGUAGE_STANDARD = gnu99;
				GCC_NO_COMMON_BLOCKS = YES;
				GCC_WARN_64_TO_32_BIT_CONVERSION = YES;
				GCC_WARN_ABOUT_RETURN_TYPE = YES_ERROR;
				GCC_WARN_UNDECLARED_SELECTOR = YES;
				GCC_WARN_UNINITIALIZED_AUTOS = YES_AGGRESSIVE;
				GCC_WARN_UNUSED_FUNCTION = YES;
				GCC_WARN_UNUSED_VARIABLE = YES;
				IPHONEOS_DEPLOYMENT_TARGET = 9.3;
				MTL_ENABLE_DEBUG_INFO = NO;
				SDKROOT = iphoneos;
				VALIDATE_PRODUCT = YES;
			};
			name = Release;
		};
		52696F881D1CD705005735EF /* Debug */ = {
			isa = XCBuildConfiguration;
			buildSettings = {
				ASSETCATALOG_COMPILER_APPICON_NAME = AppIcon;
				INFOPLIST_FILE = WBPopListMenu/Info.plist;
				IPHONEOS_DEPLOYMENT_TARGET = 8.0;
				LD_RUNPATH_SEARCH_PATHS = "$(inherited) @executable_path/Frameworks";
				PRODUCT_BUNDLE_IDENTIFIER = com.dylan.WBPopListMenu;
				PRODUCT_NAME = "$(TARGET_NAME)";
			};
			name = Debug;
		};
		52696F891D1CD705005735EF /* Release */ = {
			isa = XCBuildConfiguration;
			buildSettings = {
				ASSETCATALOG_COMPILER_APPICON_NAME = AppIcon;
				INFOPLIST_FILE = WBPopListMenu/Info.plist;
				IPHONEOS_DEPLOYMENT_TARGET = 8.0;
				LD_RUNPATH_SEARCH_PATHS = "$(inherited) @executable_path/Frameworks";
				PRODUCT_BUNDLE_IDENTIFIER = com.dylan.WBPopListMenu;
				PRODUCT_NAME = "$(TARGET_NAME)";
			};
			name = Release;
		};
/* End XCBuildConfiguration section */

/* Begin XCConfigurationList section */
		52696F6B1D1CD704005735EF /* Build configuration list for PBXProject "WBPopListMenu" */ = {
			isa = XCConfigurationList;
			buildConfigurations = (
				52696F851D1CD705005735EF /* Debug */,
				52696F861D1CD705005735EF /* Release */,
			);
			defaultConfigurationIsVisible = 0;
			defaultConfigurationName = Release;
		};
		52696F871D1CD705005735EF /* Build configuration list for PBXNativeTarget "WBPopListMenu" */ = {
			isa = XCConfigurationList;
			buildConfigurations = (
				52696F881D1CD705005735EF /* Debug */,
				52696F891D1CD705005735EF /* Release */,
			);
			defaultConfigurationIsVisible = 0;
			defaultConfigurationName = Release;
		};
/* End XCConfigurationList section */
	};
	rootObject = 52696F681D1CD704005735EF /* Project object */;
}
